
Microsoft Visual Studio Solution File, Format Version 12.00
# Visual Studio 15
VisualStudioVersion = 15.0.27130.2003
MinimumVisualStudioVersion = 10.0.40219.1
Project("{FAE04EC0-301F-11D3-BF4B-00C04F79EFBC}") = "XamrinApp1.Android", "XamrinApp1\XamrinApp1.Android\XamrinApp1.Android.csproj", "{BD11C17C-04F1-4A13-A5C1-BAFE22BFA92D}"
EndProject
Project("{FAE04EC0-301F-11D3-BF4B-00C04F79EFBC}") = "XamrinApp1.iOS", "XamrinApp1\XamrinApp1.iOS\XamrinApp1.iOS.csproj", "{ADB78735-A88B-46A4-8176-13E3ADACCA11}"
EndProject
Project("{FAE04EC0-301F-11D3-BF4B-00C04F79EFBC}") = "XamrinApp1.UWP", "XamrinApp1\XamrinApp1.UWP\XamrinApp1.UWP.csproj", "{9EE4DB0D-0FEB-4E7F-BC0C-AF158D688AFF}"
EndProject
Project("{D954291E-2A0B-460D-934E-DC6B0785DB48}") = "XamrinApp1", "XamrinApp1\XamrinApp1\XamrinApp1.shproj", "{E5966154-82D2-4D72-AB09-C2210A78AA2C}"
EndProject
Global
	GlobalSection(SharedMSBuildProjectFiles) = preSolution
		XamrinApp1\XamrinApp1\XamrinApp1.projitems*{9ee4db0d-0feb-4e7f-bc0c-af158d688aff}*SharedItemsImports = 4
		XamrinApp1\XamrinApp1\XamrinApp1.projitems*{adb78735-a88b-46a4-8176-13e3adacca11}*SharedItemsImports = 4
		XamrinApp1\XamrinApp1\XamrinApp1.projitems*{bd11c17c-04f1-4a13-a5c1-bafe22bfa92d}*SharedItemsImports = 4
		XamrinApp1\XamrinApp1\XamrinApp1.projitems*{e5966154-82d2-4d72-ab09-c2210a78aa2c}*SharedItemsImports = 13
	EndGlobalSection
	GlobalSection(SolutionConfigurationPlatforms) = preSolution
		Ad-Hoc|Any CPU = Ad-Hoc|Any CPU
		Ad-Hoc|ARM = Ad-Hoc|ARM
		Ad-Hoc|iPhone = Ad-Hoc|iPhone
		Ad-Hoc|iPhoneSimulator = Ad-Hoc|iPhoneSimulator
		Ad-Hoc|x64 = Ad-Hoc|x64
		Ad-Hoc|x86 = Ad-Hoc|x86
		AppStore|Any CPU = AppStore|Any CPU
		AppStore|ARM = AppStore|ARM
		AppStore|iPhone = AppStore|iPhone
		AppStore|iPhoneSimulator = AppStore|iPhoneSimulator
		AppStore|x64 = AppStore|x64
		AppStore|x86 = AppStore|x86
		Debug|Any CPU = Debug|Any CPU
		Debug|ARM = Debug|ARM
		Debug|iPhone = Debug|iPhone
		Debug|iPhoneSimulator = Debug|iPhoneSimulator
		Debug|x64 = Debug|x64
		Debug|x86 = Debug|x86
		Release|Any CPU = Release|Any CPU
		Release|ARM = Release|ARM
		Release|iPhone = Release|iPhone
		Release|iPhoneSimulator = Release|iPhoneSimulator
		Release|x64 = Release|x64
		Release|x86 = Release|x86
	EndGlobalSection
	GlobalSection(ProjectConfigurationPlatforms) = postSolution
		{BD11C17C-04F1-4A13-A5C1-BAFE22BFA92D}.Ad-Hoc|Any CPU.ActiveCfg = Release|Any CPU
		{BD11C17C-04F1-4A13-A5C1-BAFE22BFA92D}.Ad-Hoc|Any CPU.Build.0 = Release|Any CPU
		{BD11C17C-04F1-4A13-A5C1-BAFE22BFA92D}.Ad-Hoc|Any CPU.Deploy.0 = Release|Any CPU
		{BD11C17C-04F1-4A13-A5C1-BAFE22BFA92D}.Ad-Hoc|ARM.ActiveCfg = Release|Any CPU
		{BD11C17C-04F1-4A13-A5C1-BAFE22BFA92D}.Ad-Hoc|ARM.Build.0 = Release|Any CPU
		{BD11C17C-04F1-4A13-A5C1-BAFE22BFA92D}.Ad-Hoc|ARM.Deploy.0 = Release|Any CPU
		{BD11C17C-04F1-4A13-A5C1-BAFE22BFA92D}.Ad-Hoc|iPhone.ActiveCfg = Release|Any CPU
		{BD11C17C-04F1-4A13-A5C1-BAFE22BFA92D}.Ad-Hoc|iPhone.Build.0 = Release|Any CPU
		{BD11C17C-04F1-4A13-A5C1-BAFE22BFA92D}.Ad-Hoc|iPhone.Deploy.0 = Release|Any CPU
		{BD11C17C-04F1-4A13-A5C1-BAFE22BFA92D}.Ad-Hoc|iPhoneSimulator.ActiveCfg = Release|Any CPU
		{BD11C17C-04F1-4A13-A5C1-BAFE22BFA92D}.Ad-Hoc|iPhoneSimulator.Build.0 = Release|Any CPU
		{BD11C17C-04F1-4A13-A5C1-BAFE22BFA92D}.Ad-Hoc|iPhoneSimulator.Deploy.0 = Release|Any CPU
		{BD11C17C-04F1-4A13-A5C1-BAFE22BFA92D}.Ad-Hoc|x64.ActiveCfg = Release|Any CPU
		{BD11C17C-04F1-4A13-A5C1-BAFE22BFA92D}.Ad-Hoc|x64.Build.0 = Release|Any CPU
		{BD11C17C-04F1-4A13-A5C1-BAFE22BFA92D}.Ad-Hoc|x64.Deploy.0 = Release|Any CPU
		{BD11C17C-04F1-4A13-A5C1-BAFE22BFA92D}.Ad-Hoc|x86.ActiveCfg = Release|Any CPU
		{BD11C17C-04F1-4A13-A5C1-BAFE22BFA92D}.Ad-Hoc|x86.Build.0 = Release|Any CPU
		{BD11C17C-04F1-4A13-A5C1-BAFE22BFA92D}.Ad-Hoc|x86.Deploy.0 = Release|Any CPU
		{BD11C17C-04F1-4A13-A5C1-BAFE22BFA92D}.AppStore|Any CPU.ActiveCfg = Release|Any CPU
		{BD11C17C-04F1-4A13-A5C1-BAFE22BFA92D}.AppStore|Any CPU.Build.0 = Release|Any CPU
		{BD11C17C-04F1-4A13-A5C1-BAFE22BFA92D}.AppStore|Any CPU.Deploy.0 = Release|Any CPU
		{BD11C17C-04F1-4A13-A5C1-BAFE22BFA92D}.AppStore|ARM.ActiveCfg = Release|Any CPU
		{BD11C17C-04F1-4A13-A5C1-BAFE22BFA92D}.AppStore|ARM.Build.0 = Release|Any CPU
		{BD11C17C-04F1-4A13-A5C1-BAFE22BFA92D}.AppStore|ARM.Deploy.0 = Release|Any CPU
		{BD11C17C-04F1-4A13-A5C1-BAFE22BFA92D}.AppStore|iPhone.ActiveCfg = Release|Any CPU
		{BD11C17C-04F1-4A13-A5C1-BAFE22BFA92D}.AppStore|iPhone.Build.0 = Release|Any CPU
		{BD11C17C-04F1-4A13-A5C1-BAFE22BFA92D}.AppStore|iPhone.Deploy.0 = Release|Any CPU
		{BD11C17C-04F1-4A13-A5C1-BAFE22BFA92D}.AppStore|iPhoneSimulator.ActiveCfg = Release|Any CPU
		{BD11C17C-04F1-4A13-A5C1-BAFE22BFA92D}.AppStore|iPhoneSimulator.Build.0 = Release|Any CPU
		{BD11C17C-04F1-4A13-A5C1-BAFE22BFA92D}.AppStore|iPhoneSimulator.Deploy.0 = Release|Any CPU
		{BD11C17C-04F1-4A13-A5C1-BAFE22BFA92D}.AppStore|x64.ActiveCfg = Release|Any CPU
		{BD11C17C-04F1-4A13-A5C1-BAFE22BFA92D}.AppStore|x64.Build.0 = Release|Any CPU
		{BD11C17C-04F1-4A13-A5C1-BAFE22BFA92D}.AppStore|x64.Deploy.0 = Release|Any CPU
		{BD11C17C-04F1-4A13-A5C1-BAFE22BFA92D}.AppStore|x86.ActiveCfg = Release|Any CPU
		{BD11C17C-04F1-4A13-A5C1-BAFE22BFA92D}.AppStore|x86.Build.0 = Release|Any CPU
		{BD11C17C-04F1-4A13-A5C1-BAFE22BFA92D}.AppStore|x86.Deploy.0 = Release|Any CPU
		{BD11C17C-04F1-4A13-A5C1-BAFE22BFA92D}.Debug|Any CPU.ActiveCfg = Debug|Any CPU
		{BD11C17C-04F1-4A13-A5C1-BAFE22BFA92D}.Debug|Any CPU.Build.0 = Debug|Any CPU
		{BD11C17C-04F1-4A13-A5C1-BAFE22BFA92D}.Debug|Any CPU.Deploy.0 = Debug|Any CPU
		{BD11C17C-04F1-4A13-A5C1-BAFE22BFA92D}.Debug|ARM.ActiveCfg = Debug|Any CPU
		{BD11C17C-04F1-4A13-A5C1-BAFE22BFA92D}.Debug|ARM.Build.0 = Debug|Any CPU
		{BD11C17C-04F1-4A13-A5C1-BAFE22BFA92D}.Debug|ARM.Deploy.0 = Debug|Any CPU
		{BD11C17C-04F1-4A13-A5C1-BAFE22BFA92D}.Debug|iPhone.ActiveCfg = Debug|Any CPU
		{BD11C17C-04F1-4A13-A5C1-BAFE22BFA92D}.Debug|iPhone.Build.0 = Debug|Any CPU
		{BD11C17C-04F1-4A13-A5C1-BAFE22BFA92D}.Debug|iPhone.Deploy.0 = Debug|Any CPU
		{BD11C17C-04F1-4A13-A5C1-BAFE22BFA92D}.Debug|iPhoneSimulator.ActiveCfg = Debug|Any CPU
		{BD11C17C-04F1-4A13-A5C1-BAFE22BFA92D}.Debug|iPhoneSimulator.Build.0 = Debug|Any CPU
		{BD11C17C-04F1-4A13-A5C1-BAFE22BFA92D}.Debug|iPhoneSimulator.Deploy.0 = Debug|Any CPU
		{BD11C17C-04F1-4A13-A5C1-BAFE22BFA92D}.Debug|x64.ActiveCfg = Debug|Any CPU
		{BD11C17C-04F1-4A13-A5C1-BAFE22BFA92D}.Debug|x64.Build.0 = Debug|Any CPU
		{BD11C17C-04F1-4A13-A5C1-BAFE22BFA92D}.Debug|x64.Deploy.0 = Debug|Any CPU
		{BD11C17C-04F1-4A13-A5C1-BAFE22BFA92D}.Debug|x86.ActiveCfg = Debug|Any CPU
		{BD11C17C-04F1-4A13-A5C1-BAFE22BFA92D}.Debug|x86.Build.0 = Debug|Any CPU
		{BD11C17C-04F1-4A13-A5C1-BAFE22BFA92D}.Debug|x86.Deploy.0 = Debug|Any CPU
		{BD11C17C-04F1-4A13-A5C1-BAFE22BFA92D}.Release|Any CPU.ActiveCfg = Release|Any CPU
		{BD11C17C-04F1-4A13-A5C1-BAFE22BFA92D}.Release|Any CPU.Build.0 = Release|Any CPU
		{BD11C17C-04F1-4A13-A5C1-BAFE22BFA92D}.Release|Any CPU.Deploy.0 = Release|Any CPU
		{BD11C17C-04F1-4A13-A5C1-BAFE22BFA92D}.Release|ARM.ActiveCfg = Release|Any CPU
		{BD11C17C-04F1-4A13-A5C1-BAFE22BFA92D}.Release|ARM.Build.0 = Release|Any CPU
		{BD11C17C-04F1-4A13-A5C1-BAFE22BFA92D}.Release|ARM.Deploy.0 = Release|Any CPU
		{BD11C17C-04F1-4A13-A5C1-BAFE22BFA92D}.Release|iPhone.ActiveCfg = Release|Any CPU
		{BD11C17C-04F1-4A13-A5C1-BAFE22BFA92D}.Release|iPhone.Build.0 = Release|Any CPU
		{BD11C17C-04F1-4A13-A5C1-BAFE22BFA92D}.Release|iPhone.Deploy.0 = Release|Any CPU
		{BD11C17C-04F1-4A13-A5C1-BAFE22BFA92D}.Release|iPhoneSimulator.ActiveCfg = Release|Any CPU
		{BD11C17C-04F1-4A13-A5C1-BAFE22BFA92D}.Release|iPhoneSimulator.Build.0 = Release|Any CPU
		{BD11C17C-04F1-4A13-A5C1-BAFE22BFA92D}.Release|iPhoneSimulator.Deploy.0 = Release|Any CPU
		{BD11C17C-04F1-4A13-A5C1-BAFE22BFA92D}.Release|x64.ActiveCfg = Release|Any CPU
		{BD11C17C-04F1-4A13-A5C1-BAFE22BFA92D}.Release|x64.Build.0 = Release|Any CPU
		{BD11C17C-04F1-4A13-A5C1-BAFE22BFA92D}.Release|x64.Deploy.0 = Release|Any CPU
		{BD11C17C-04F1-4A13-A5C1-BAFE22BFA92D}.Release|x86.ActiveCfg = Release|Any CPU
		{BD11C17C-04F1-4A13-A5C1-BAFE22BFA92D}.Release|x86.Build.0 = Release|Any CPU
		{BD11C17C-04F1-4A13-A5C1-BAFE22BFA92D}.Release|x86.Deploy.0 = Release|Any CPU
		{ADB78735-A88B-46A4-8176-13E3ADACCA11}.Ad-Hoc|Any CPU.ActiveCfg = Ad-Hoc|iPhone
		{ADB78735-A88B-46A4-8176-13E3ADACCA11}.Ad-Hoc|ARM.ActiveCfg = Ad-Hoc|iPhone
		{ADB78735-A88B-46A4-8176-13E3ADACCA11}.Ad-Hoc|iPhone.ActiveCfg = Ad-Hoc|iPhone
		{ADB78735-A88B-46A4-8176-13E3ADACCA11}.Ad-Hoc|iPhone.Build.0 = Ad-Hoc|iPhone
		{ADB78735-A88B-46A4-8176-13E3ADACCA11}.Ad-Hoc|iPhoneSimulator.ActiveCfg = Ad-Hoc|iPhoneSimulator
		{ADB78735-A88B-46A4-8176-13E3ADACCA11}.Ad-Hoc|iPhoneSimulator.Build.0 = Ad-Hoc|iPhoneSimulator
		{ADB78735-A88B-46A4-8176-13E3ADACCA11}.Ad-Hoc|x64.ActiveCfg = Ad-Hoc|iPhone
		{ADB78735-A88B-46A4-8176-13E3ADACCA11}.Ad-Hoc|x86.ActiveCfg = Ad-Hoc|iPhone
		{ADB78735-A88B-46A4-8176-13E3ADACCA11}.AppStore|Any CPU.ActiveCfg = AppStore|iPhone
		{ADB78735-A88B-46A4-8176-13E3ADACCA11}.AppStore|ARM.ActiveCfg = AppStore|iPhone
		{ADB78735-A88B-46A4-8176-13E3ADACCA11}.AppStore|iPhone.ActiveCfg = AppStore|iPhone
		{ADB78735-A88B-46A4-8176-13E3ADACCA11}.AppStore|iPhone.Build.0 = AppStore|iPhone
		{ADB78735-A88B-46A4-8176-13E3ADACCA11}.AppStore|iPhoneSimulator.ActiveCfg = AppStore|iPhoneSimulator
		{ADB78735-A88B-46A4-8176-13E3ADACCA11}.AppStore|iPhoneSimulator.Build.0 = AppStore|iPhoneSimulator
		{ADB78735-A88B-46A4-8176-13E3ADACCA11}.AppStore|x64.ActiveCfg = AppStore|iPhone
		{ADB78735-A88B-46A4-8176-13E3ADACCA11}.AppStore|x86.ActiveCfg = AppStore|iPhone
		{ADB78735-A88B-46A4-8176-13E3ADACCA11}.Debug|Any CPU.ActiveCfg = Debug|iPhone
		{ADB78735-A88B-46A4-8176-13E3ADACCA11}.Debug|ARM.ActiveCfg = Debug|iPhone
		{ADB78735-A88B-46A4-8176-13E3ADACCA11}.Debug|iPhone.ActiveCfg = Debug|iPhone
		{ADB78735-A88B-46A4-8176-13E3ADACCA11}.Debug|iPhone.Build.0 = Debug|iPhone
		{ADB78735-A88B-46A4-8176-13E3ADACCA11}.Debug|iPhoneSimulator.ActiveCfg = Debug|iPhoneSimulator
		{ADB78735-A88B-46A4-8176-13E3ADACCA11}.Debug|iPhoneSimulator.Build.0 = Debug|iPhoneSimulator
		{ADB78735-A88B-46A4-8176-13E3ADACCA11}.Debug|x64.ActiveCfg = Debug|iPhone
		{ADB78735-A88B-46A4-8176-13E3ADACCA11}.Debug|x86.ActiveCfg = Debug|iPhone
		{ADB78735-A88B-46A4-8176-13E3ADACCA11}.Release|Any CPU.ActiveCfg = Release|iPhone
		{ADB78735-A88B-46A4-8176-13E3ADACCA11}.Release|ARM.ActiveCfg = Release|iPhone
		{ADB78735-A88B-46A4-8176-13E3ADACCA11}.Release|iPhone.ActiveCfg = Release|iPhone
		{ADB78735-A88B-46A4-8176-13E3ADACCA11}.Release|iPhone.Build.0 = Release|iPhone
		{ADB78735-A88B-46A4-8176-13E3ADACCA11}.Release|iPhoneSimulator.ActiveCfg = Release|iPhoneSimulator
		{ADB78735-A88B-46A4-8176-13E3ADACCA11}.Release|iPhoneSimulator.Build.0 = Release|iPhoneSimulator
		{ADB78735-A88B-46A4-8176-13E3ADACCA11}.Release|x64.ActiveCfg = Release|iPhone
		{ADB78735-A88B-46A4-8176-13E3ADACCA11}.Release|x86.ActiveCfg = Release|iPhone
		{9EE4DB0D-0FEB-4E7F-BC0C-AF158D688AFF}.Ad-Hoc|Any CPU.ActiveCfg = Release|x86
		{9EE4DB0D-0FEB-4E7F-BC0C-AF158D688AFF}.Ad-Hoc|Any CPU.Build.0 = Release|x86
		{9EE4DB0D-0FEB-4E7F-BC0C-AF158D688AFF}.Ad-Hoc|Any CPU.Deploy.0 = Release|x86
		{9EE4DB0D-0FEB-4E7F-BC0C-AF158D688AFF}.Ad-Hoc|ARM.ActiveCfg = Release|ARM
		{9EE4DB0D-0FEB-4E7F-BC0C-AF158D688AFF}.Ad-Hoc|ARM.Build.0 = Release|ARM
		{9EE4DB0D-0FEB-4E7F-BC0C-AF158D688AFF}.Ad-Hoc|ARM.Deploy.0 = Release|ARM
		{9EE4DB0D-0FEB-4E7F-BC0C-AF158D688AFF}.Ad-Hoc|iPhone.ActiveCfg = Release|x86
		{9EE4DB0D-0FEB-4E7F-BC0C-AF158D688AFF}.Ad-Hoc|iPhone.Build.0 = Release|x86
		{9EE4DB0D-0FEB-4E7F-BC0C-AF158D688AFF}.Ad-Hoc|iPhone.Deploy.0 = Release|x86
		{9EE4DB0D-0FEB-4E7F-BC0C-AF158D688AFF}.Ad-Hoc|iPhoneSimulator.ActiveCfg = Release|x86
		{9EE4DB0D-0FEB-4E7F-BC0C-AF158D688AFF}.Ad-Hoc|iPhoneSimulator.Build.0 = Release|x86
		{9EE4DB0D-0FEB-4E7F-BC0C-AF158D688AFF}.Ad-Hoc|iPhoneSimulator.Deploy.0 = Release|x86
		{9EE4DB0D-0FEB-4E7F-BC0C-AF158D688AFF}.Ad-Hoc|x64.ActiveCfg = Release|x64
		{9EE4DB0D-0FEB-4E7F-BC0C-AF158D688AFF}.Ad-Hoc|x64.Build.0 = Release|x64
		{9EE4DB0D-0FEB-4E7F-BC0C-AF158D688AFF}.Ad-Hoc|x64.Deploy.0 = Release|x64
		{9EE4DB0D-0FEB-4E7F-BC0C-AF158D688AFF}.Ad-Hoc|x86.ActiveCfg = Release|x86
		{9EE4DB0D-0FEB-4E7F-BC0C-AF158D688AFF}.Ad-Hoc|x86.Build.0 = Release|x86
		{9EE4DB0D-0FEB-4E7F-BC0C-AF158D688AFF}.Ad-Hoc|x86.Deploy.0 = Release|x86
		{9EE4DB0D-0FEB-4E7F-BC0C-AF158D688AFF}.AppStore|Any CPU.ActiveCfg = Release|x86
		{9EE4DB0D-0FEB-4E7F-BC0C-AF158D688AFF}.AppStore|Any CPU.Build.0 = Release|x86
		{9EE4DB0D-0FEB-4E7F-BC0C-AF158D688AFF}.AppStore|Any CPU.Deploy.0 = Release|x86
		{9EE4DB0D-0FEB-4E7F-BC0C-AF158D688AFF}.AppStore|ARM.ActiveCfg = Release|ARM
		{9EE4DB0D-0FEB-4E7F-BC0C-AF158D688AFF}.AppStore|ARM.Build.0 = Release|ARM
		{9EE4DB0D-0FEB-4E7F-BC0C-AF158D688AFF}.AppStore|ARM.Deploy.0 = Release|ARM
		{9EE4DB0D-0FEB-4E7F-BC0C-AF158D688AFF}.AppStore|iPhone.ActiveCfg = Release|x86
		{9EE4DB0D-0FEB-4E7F-BC0C-AF158D688AFF}.AppStore|iPhone.Build.0 = Release|x86
		{9EE4DB0D-0FEB-4E7F-BC0C-AF158D688AFF}.AppStore|iPhone.Deploy.0 = Release|x86
		{9EE4DB0D-0FEB-4E7F-BC0C-AF158D688AFF}.AppStore|iPhoneSimulator.ActiveCfg = Release|x86
		{9EE4DB0D-0FEB-4E7F-BC0C-AF158D688AFF}.AppStore|iPhoneSimulator.Build.0 = Release|x86
		{9EE4DB0D-0FEB-4E7F-BC0C-AF158D688AFF}.AppStore|iPhoneSimulator.Deploy.0 = Release|x86
		{9EE4DB0D-0FEB-4E7F-BC0C-AF158D688AFF}.AppStore|x64.ActiveCfg = Release|x64
		{9EE4DB0D-0FEB-4E7F-BC0C-AF158D688AFF}.AppStore|x64.Build.0 = Release|x64
		{9EE4DB0D-0FEB-4E7F-BC0C-AF158D688AFF}.AppStore|x64.Deploy.0 = Release|x64
		{9EE4DB0D-0FEB-4E7F-BC0C-AF158D688AFF}.AppStore|x86.ActiveCfg = Release|x86
		{9EE4DB0D-0FEB-4E7F-BC0C-AF158D688AFF}.AppStore|x86.Build.0 = Release|x86
		{9EE4DB0D-0FEB-4E7F-BC0C-AF158D688AFF}.AppStore|x86.Deploy.0 = Release|x86
		{9EE4DB0D-0FEB-4E7F-BC0C-AF158D688AFF}.Debug|Any CPU.ActiveCfg = Debug|x86
		{9EE4DB0D-0FEB-4E7F-BC0C-AF158D688AFF}.Debug|ARM.ActiveCfg = Debug|ARM
		{9EE4DB0D-0FEB-4E7F-BC0C-AF158D688AFF}.Debug|ARM.Build.0 = Debug|ARM
		{9EE4DB0D-0FEB-4E7F-BC0C-AF158D688AFF}.Debug|ARM.Deploy.0 = Debug|ARM
		{9EE4DB0D-0FEB-4E7F-BC0C-AF158D688AFF}.Debug|iPhone.ActiveCfg = Debug|x86
		{9EE4DB0D-0FEB-4E7F-BC0C-AF158D688AFF}.Debug|iPhoneSimulator.ActiveCfg = Debug|x86
		{9EE4DB0D-0FEB-4E7F-BC0C-AF158D688AFF}.Debug|x64.ActiveCfg = Debug|x64
		{9EE4DB0D-0FEB-4E7F-BC0C-AF158D688AFF}.Debug|x64.Build.0 = Debug|x64
		{9EE4DB0D-0FEB-4E7F-BC0C-AF158D688AFF}.Debug|x64.Deploy.0 = Debug|x64
		{9EE4DB0D-0FEB-4E7F-BC0C-AF158D688AFF}.Debug|x86.ActiveCfg = Debug|x86
		{9EE4DB0D-0FEB-4E7F-BC0C-AF158D688AFF}.Debug|x86.Build.0 = Debug|x86
		{9EE4DB0D-0FEB-4E7F-BC0C-AF158D688AFF}.Debug|x86.Deploy.0 = Debug|x86
		{9EE4DB0D-0FEB-4E7F-BC0C-AF158D688AFF}.Release|Any CPU.ActiveCfg = Release|x86
		{9EE4DB0D-0FEB-4E7F-BC0C-AF158D688AFF}.Release|ARM.ActiveCfg = Release|ARM
		{9EE4DB0D-0FEB-4E7F-BC0C-AF158D688AFF}.Release|ARM.Build.0 = Release|ARM
		{9EE4DB0D-0FEB-4E7F-BC0C-AF158D688AFF}.Release|ARM.Deploy.0 = Release|ARM
		{9EE4DB0D-0FEB-4E7F-BC0C-AF158D688AFF}.Release|iPhone.ActiveCfg = Release|x86
		{9EE4DB0D-0FEB-4E7F-BC0C-AF158D688AFF}.Release|iPhoneSimulator.ActiveCfg = Release|x86
		{9EE4DB0D-0FEB-4E7F-BC0C-AF158D688AFF}.Release|x64.ActiveCfg = Release|x64
		{9EE4DB0D-0FEB-4E7F-BC0C-AF158D688AFF}.Release|x64.Build.0 = Release|x64
		{9EE4DB0D-0FEB-4E7F-BC0C-AF158D688AFF}.Release|x64.Deploy.0 = Release|x64
		{9EE4DB0D-0FEB-4E7F-BC0C-AF158D688AFF}.Release|x86.ActiveCfg = Release|x86
		{9EE4DB0D-0FEB-4E7F-BC0C-AF158D688AFF}.Release|x86.Build.0 = Release|x86
		{9EE4DB0D-0FEB-4E7F-BC0C-AF158D688AFF}.Release|x86.Deploy.0 = Release|x86
	EndGlobalSection
	GlobalSection(SolutionProperties) = preSolution
		HideSolutionNode = FALSE
	EndGlobalSection
	GlobalSection(ExtensibilityGlobals) = postSolution
		SolutionGuid = {51C8ACC9-1BF8-4FC3-A396-A5BA8B416CA8}
	EndGlobalSection
EndGlobal
